
Microsoft Visual Studio Solution File, Format Version 12.00
# Visual Studio Version 17
VisualStudioVersion = 17.4.33110.190
MinimumVisualStudioVersion = 10.0.40219.1
Project("{FAE04EC0-301F-11D3-BF4B-00C04F79EFBC}") = "LavadoWeb", "LavadoWeb\LavadoWeb.csproj", "{A3F522C6-C02D-4F79-A55E-498D1037A87C}"
EndProject
Project("{FAE04EC0-301F-11D3-BF4B-00C04F79EFBC}") = "BLL", "BLL\BLL.csproj", "{EE4C0355-C259-480B-8B00-B8821385573E}"
EndProject
Project("{FAE04EC0-301F-11D3-BF4B-00C04F79EFBC}") = "Models", "Models\Models.csproj", "{DC779A17-A035-4F66-9B52-CCD4A6F79A22}"
EndProject
Global
	GlobalSection(SolutionConfigurationPlatforms) = preSolution
		Debug|Any CPU = Debug|Any CPU
		Release|Any CPU = Release|Any CPU
	EndGlobalSection
	GlobalSection(ProjectConfigurationPlatforms) = postSolution
		{A3F522C6-C02D-4F79-A55E-498D1037A87C}.Debug|Any CPU.ActiveCfg = Debug|Any CPU
		{A3F522C6-C02D-4F79-A55E-498D1037A87C}.Debug|Any CPU.Build.0 = Debug|Any CPU
		{A3F522C6-C02D-4F79-A55E-498D1037A87C}.Release|Any CPU.ActiveCfg = Release|Any CPU
		{A3F522C6-C02D-4F79-A55E-498D1037A87C}.Release|Any CPU.Build.0 = Release|Any CPU
		{EE4C0355-C259-480B-8B00-B8821385573E}.Debug|Any CPU.ActiveCfg = Debug|Any CPU
		{EE4C0355-C259-480B-8B00-B8821385573E}.Debug|Any CPU.Build.0 = Debug|Any CPU
		{EE4C0355-C259-480B-8B00-B8821385573E}.Release|Any CPU.ActiveCfg = Release|Any CPU
		{EE4C0355-C259-480B-8B00-B8821385573E}.Release|Any CPU.Build.0 = Release|Any CPU
		{DC779A17-A035-4F66-9B52-CCD4A6F79A22}.Debug|Any CPU.ActiveCfg = Debug|Any CPU
		{DC779A17-A035-4F66-9B52-CCD4A6F79A22}.Debug|Any CPU.Build.0 = Debug|Any CPU
		{DC779A17-A035-4F66-9B52-CCD4A6F79A22}.Release|Any CPU.ActiveCfg = Release|Any CPU
		{DC779A17-A035-4F66-9B52-CCD4A6F79A22}.Release|Any CPU.Build.0 = Release|Any CPU
	EndGlobalSection
	GlobalSection(SolutionProperties) = preSolution
		HideSolutionNode = FALSE
	EndGlobalSection
	GlobalSection(ExtensibilityGlobals) = postSolution
		SolutionGuid = {621DAD20-4669-4D6A-B76D-23DA593772A6}
	EndGlobalSection
EndGlobal
